version = 1
revision = 3
requires-python = ">=3.10"
resolution-markers = [
    "python_full_version >= '3.12'",
    "python_full_version == '3.11.*'",
    "python_full_version < '3.11'",
]

[[package]]
name = "aipyapp"
version = "0.1.0"
source = { editable = "." }
dependencies = [
    { name = "anthropic" },
    { name = "beautifulsoup4" },
    { name = "charset-normalizer" },
    { name = "dynaconf" },
    { name = "fastapi" },
    { name = "jinja2" },
    { name = "loguru" },
    { name = "mcp", extra = ["cli"] },
    { name = "openai" },
    { name = "openpyxl" },
    { name = "pandas" },
    { name = "prompt-toolkit" },
    { name = "psutil" },
    { name = "pygments" },
    { name = "pyyaml" },
    { name = "qrcode" },
    { name = "questionary" },
    { name = "requests" },
    { name = "rich" },
    { name = "seaborn" },
    { name = "term-image" },
    { name = "tomli-w" },
]

[package.optional-dependencies]
dev = [
    { name = "pytest" },
    { name = "pytest-asyncio" },
    { name = "pytest-cov" },
    { name = "pytest-mock" },
    { name = "pytest-timeout" },
    { name = "pytest-xdist" },
    { name = "ruff" },
]
test = [
    { name = "pytest" },
    { name = "pytest-asyncio" },
    { name = "pytest-cov" },
    { name = "pytest-mock" },
    { name = "pytest-timeout" },
    { name = "pytest-xdist" },
]

[package.metadata]
requires-dist = [
    { name = "anthropic", specifier = ">=0.49.0" },
    { name = "beautifulsoup4", specifier = ">=4.13.3" },
    { name = "charset-normalizer", specifier = ">=3.4.2" },
    { name = "dynaconf", specifier = ">=3.2.10" },
    { name = "fastapi", specifier = ">=0.116.1" },
    { name = "jinja2", specifier = ">=3.1.6" },
    { name = "loguru", specifier = ">=0.7.3" },
    { name = "mcp", extras = ["cli"], specifier = ">=1.10.0" },
    { name = "openai", specifier = ">=1.68.2" },
    { name = "openpyxl", specifier = ">=3.1.5" },
    { name = "pandas", specifier = ">=2.2.3" },
    { name = "prompt-toolkit", specifier = ">=3.0.51" },
    { name = "psutil", specifier = ">=7.0.0" },
    { name = "pygments", specifier = ">=2.19.2" },
    { name = "pytest", marker = "extra == 'dev'", specifier = ">=8.0.0" },
    { name = "pytest", marker = "extra == 'test'", specifier = ">=8.0.0" },
    { name = "pytest-asyncio", marker = "extra == 'dev'", specifier = ">=0.23.0" },
    { name = "pytest-asyncio", marker = "extra == 'test'", specifier = ">=0.23.0" },
    { name = "pytest-cov", marker = "extra == 'dev'", specifier = ">=5.0.0" },
    { name = "pytest-cov", marker = "extra == 'test'", specifier = ">=5.0.0" },
    { name = "pytest-mock", marker = "extra == 'dev'", specifier = ">=3.14.0" },
    { name = "pytest-mock", marker = "extra == 'test'", specifier = ">=3.14.0" },
    { name = "pytest-timeout", marker = "extra == 'dev'", specifier = ">=2.3.0" },
    { name = "pytest-timeout", marker = "extra == 'test'", specifier = ">=2.3.0" },
    { name = "pytest-xdist", marker = "extra == 'dev'", specifier = ">=3.6.0" },
    { name = "pytest-xdist", marker = "extra == 'test'", specifier = ">=3.6.0" },
    { name = "pyyaml", specifier = ">=6.0.2" },
    { name = "qrcode", specifier = ">=8.1" },
    { name = "questionary", specifier = ">=2.1.0" },
    { name = "requests", specifier = ">=2.32.3" },
    { name = "rich", specifier = ">=13.9.4" },
    { name = "ruff", marker = "extra == 'dev'", specifier = ">=0.8.0" },
    { name = "seaborn", specifier = ">=0.13.2" },
    { name = "term-image", specifier = ">=0.7.2" },
    { name = "tomli-w", specifier = ">=1.2.0" },
]
provides-extras = ["test", "dev"]

[[package]]
name = "annotated-types"
version = "0.7.0"
source = { registry = "http://172.19.230.1:18899/simple/" }
wheels = [
    { url = "http://172.19.230.1:18899/packages/annotated_types-0.7.0-py3-none-any.whl", hash = "sha256:1f02e8b43a8fbbc3f3e0d4f0f4bfc8131bcb4eebe8849b8e5c773f3a1c582a53" },
]

[[package]]
name = "anthropic"
version = "0.66.0"
source = { registry = "http://172.19.230.1:18899/simple/" }
dependencies = [
    { name = "anyio" },
    { name = "distro" },
    { name = "httpx" },
    { name = "jiter" },
    { name = "pydantic" },
    { name = "sniffio" },
    { name = "typing-extensions" },
]
wheels = [
    { url = "http://172.19.230.1:18899/packages/anthropic-0.66.0-py3-none-any.whl", hash = "sha256:67b8cd4486f3cdd09211598dc5325cc8e4e349c106a03041231d551603551c06" },
]

[[package]]
name = "anyio"
version = "4.10.0"
source = { registry = "http://172.19.230.1:18899/simple/" }
dependencies = [
    { name = "exceptiongroup", marker = "python_full_version < '3.11'" },
    { name = "idna" },
    { name = "sniffio" },
    { name = "typing-extensions", marker = "python_full_version < '3.13'" },
]
wheels = [
    { url = "http://172.19.230.1:18899/packages/anyio-4.10.0-py3-none-any.whl", hash = "sha256:60e474ac86736bbfd6f210f7a61218939c318f43f9972497381f1c5e930ed3d1" },
]

[[package]]
name = "attrs"
version = "25.3.0"
source = { registry = "http://172.19.230.1:18899/simple/" }
wheels = [
    { url = "http://172.19.230.1:18899/packages/attrs-25.3.0-py3-none-any.whl", hash = "sha256:427318ce031701fea540783410126f03899a97ffc6f61596ad581ac2e40e3bc3" },
]

[[package]]
name = "backports-asyncio-runner"
version = "1.2.0"
source = { registry = "http://172.19.230.1:18899/simple/" }
sdist = { url = "https://files.pythonhosted.org/packages/8e/ff/70dca7d7cb1cbc0edb2c6cc0c38b65cba36cccc491eca64cabd5fe7f8670/backports_asyncio_runner-1.2.0.tar.gz", hash = "sha256:a5aa7b2b7d8f8bfcaa2b57313f70792df84e32a2a746f585213373f900b42162", size = 69893, upload-time = "2025-07-02T02:27:15.685Z" }
wheels = [
    { url = "https://files.pythonhosted.org/packages/a0/59/76ab57e3fe74484f48a53f8e337171b4a2349e506eabe136d7e01d059086/backports_asyncio_runner-1.2.0-py3-none-any.whl", hash = "sha256:0da0a936a8aeb554eccb426dc55af3ba63bcdc69fa1a600b5bb305413a4477b5", size = 12313, upload-time = "2025-07-02T02:27:14.263Z" },
]

[[package]]
name = "beautifulsoup4"
version = "4.13.5"
source = { registry = "http://172.19.230.1:18899/simple/" }
dependencies = [
    { name = "soupsieve" },
    { name = "typing-extensions" },
]
wheels = [
    { url = "http://172.19.230.1:18899/packages/beautifulsoup4-4.13.5-py3-none-any.whl", hash = "sha256:642085eaa22233aceadff9c69651bc51e8bf3f874fb6d7104ece2beb24b47c4a" },
]

[[package]]
name = "certifi"
version = "2025.8.3"
source = { registry = "http://172.19.230.1:18899/simple/" }
wheels = [
    { url = "http://172.19.230.1:18899/packages/certifi-2025.8.3-py3-none-any.whl", hash = "sha256:f6c12493cfb1b06ba2ff328595af9350c65d6644968e5d3a2ffd78699af217a5" },
]

[[package]]
name = "charset-normalizer"
version = "3.4.3"
source = { registry = "http://172.19.230.1:18899/simple/" }
wheels = [
    { url = "http://172.19.230.1:18899/packages/charset_normalizer-3.4.3-cp313-cp313-manylinux2014_x86_64.manylinux_2_17_x86_64.manylinux_2_28_x86_64.whl", hash = "sha256:416175faf02e4b0810f1f38bcb54682878a4af94059a1cd63b8747244420801f" },
    { url = "http://172.19.230.1:18899/packages/charset_normalizer-3.4.3-cp313-cp313-win_amd64.whl", hash = "sha256:cf1ebb7d78e1ad8ec2a8c4732c7be2e736f6e5123a4146c5b89c9d1f585f8cef" },
    { url = "http://172.19.230.1:18899/packages/charset_normalizer-3.4.3-py3-none-any.whl", hash = "sha256:ce571ab16d890d23b5c278547ba694193a45011ff86a9162a71307ed9f86759a" },
]

[[package]]
name = "click"
version = "8.2.1"
source = { registry = "http://172.19.230.1:18899/simple/" }
dependencies = [
    { name = "colorama", marker = "sys_platform == 'win32'" },
]
wheels = [
    { url = "http://172.19.230.1:18899/packages/click-8.2.1-py3-none-any.whl", hash = "sha256:61a3265b914e850b85317d0b3109c7f8cd35a670f963866005d6ef1d5175a12b" },
]

[[package]]
name = "colorama"
version = "0.4.6"
source = { registry = "http://172.19.230.1:18899/simple/" }
wheels = [
    { url = "http://172.19.230.1:18899/packages/colorama-0.4.6-py2.py3-none-any.whl", hash = "sha256:4f1d9991f5acc0ca119f9d443620b77f9d6b33703e51011c16baf57afb285fc6" },
]

[[package]]
name = "contourpy"
version = "1.3.2"
source = { registry = "http://172.19.230.1:18899/simple/" }
resolution-markers = [
    "python_full_version < '3.11'",
]
dependencies = [
    { name = "numpy", version = "2.2.6", source = { registry = "http://172.19.230.1:18899/simple/" }, marker = "python_full_version < '3.11'" },
]
wheels = [
    { url = "http://172.19.230.1:18899/packages/contourpy-1.3.2-cp313-cp313-manylinux_2_17_x86_64.manylinux2014_x86_64.whl", hash = "sha256:434f0adf84911c924519d2b08fc10491dd282b20bdd3fa8f60fd816ea0b48841" },
]

[[package]]
name = "contourpy"
version = "1.3.3"
source = { registry = "http://172.19.230.1:18899/simple/" }
resolution-markers = [
    "python_full_version >= '3.12'",
    "python_full_version == '3.11.*'",
]
dependencies = [
    { name = "numpy", version = "2.3.2", source = { registry = "http://172.19.230.1:18899/simple/" }, marker = "python_full_version >= '3.11'" },
]
wheels = [
    { url = "http://172.19.230.1:18899/packages/contourpy-1.3.3-cp313-cp313-win_amd64.whl", hash = "sha256:1cadd8b8969f060ba45ed7c1b714fe69185812ab43bd6b86a9123fe8f99c3263" },
]

[[package]]
name = "coverage"
version = "7.10.6"
source = { registry = "http://172.19.230.1:18899/simple/" }
wheels = [
    { url = "http://172.19.230.1:18899/packages/coverage-7.10.6-py3-none-any.whl", hash = "sha256:92c4ecf6bf11b2e85fd4d8204814dc26e6a19f0c9d938c207c5cb0eadfcabbe3" },
]

[package.optional-dependencies]
toml = [
    { name = "tomli", marker = "python_full_version <= '3.11'" },
]

[[package]]
name = "cycler"
version = "0.12.1"
source = { registry = "http://172.19.230.1:18899/simple/" }
wheels = [
    { url = "http://172.19.230.1:18899/packages/cycler-0.12.1-py3-none-any.whl", hash = "sha256:85cef7cff222d8644161529808465972e51340599459b8ac3ccbac5a854e0d30" },
]

[[package]]
name = "distro"
version = "1.9.0"
source = { registry = "http://172.19.230.1:18899/simple/" }
wheels = [
    { url = "http://172.19.230.1:18899/packages/distro-1.9.0-py3-none-any.whl", hash = "sha256:7bffd925d65168f85027d8da9af6bddab658135b840670a223589bc0c8ef02b2" },
]

[[package]]
name = "dynaconf"
version = "3.2.11"
source = { registry = "http://172.19.230.1:18899/simple/" }
wheels = [
    { url = "http://172.19.230.1:18899/packages/dynaconf-3.2.11-py2.py3-none-any.whl", hash = "sha256:660de90879d4da236f79195692a7d197957224d7acf922bcc6899187dc7b4a27" },
]

[[package]]
name = "et-xmlfile"
version = "2.0.0"
source = { registry = "http://172.19.230.1:18899/simple/" }
wheels = [
    { url = "http://172.19.230.1:18899/packages/et_xmlfile-2.0.0-py3-none-any.whl", hash = "sha256:7a91720bc756843502c3b7504c77b8fe44217c85c537d85037f0f536151b2caa" },
]

[[package]]
name = "exceptiongroup"
version = "1.3.0"
source = { registry = "http://172.19.230.1:18899/simple/" }
dependencies = [
    { name = "typing-extensions", marker = "python_full_version < '3.11'" },
]
wheels = [
    { url = "http://172.19.230.1:18899/packages/exceptiongroup-1.3.0-py3-none-any.whl", hash = "sha256:4d111e6e0c13d0644cad6ddaa7ed0261a0b36971f6d23e7ec9b4b9097da78a10" },
]

[[package]]
name = "execnet"
version = "2.1.1"
source = { registry = "http://172.19.230.1:18899/simple/" }
wheels = [
    { url = "http://172.19.230.1:18899/packages/execnet-2.1.1-py3-none-any.whl", hash = "sha256:26dee51f1b80cebd6d0ca8e74dd8745419761d3bef34163928cbebbdc4749fdc" },
]

[[package]]
name = "fastapi"
version = "0.116.1"
source = { registry = "http://172.19.230.1:18899/simple/" }
dependencies = [
    { name = "pydantic" },
    { name = "starlette" },
    { name = "typing-extensions" },
]
wheels = [
    { url = "http://172.19.230.1:18899/packages/fastapi-0.116.1-py3-none-any.whl", hash = "sha256:c46ac7c312df840f0c9e220f7964bada936781bc4e2e6eb71f1c4d7553786565" },
]

[[package]]
name = "fonttools"
version = "4.59.2"
source = { registry = "http://172.19.230.1:18899/simple/" }
wheels = [
    { url = "http://172.19.230.1:18899/packages/fonttools-4.59.2-cp313-cp313-manylinux1_x86_64.manylinux2014_x86_64.manylinux_2_17_x86_64.manylinux_2_5_x86_64.whl", hash = "sha256:6235fc06bcbdb40186f483ba9d5d68f888ea68aa3c8dac347e05a7c54346fbc8" },
    { url = "http://172.19.230.1:18899/packages/fonttools-4.59.2-cp313-cp313-win_amd64.whl", hash = "sha256:a72155928d7053bbde499d32a9c77d3f0f3d29ae72b5a121752481bcbd71e50f" },
]

[[package]]
name = "h11"
version = "0.16.0"
source = { registry = "http://172.19.230.1:18899/simple/" }
wheels = [
    { url = "http://172.19.230.1:18899/packages/h11-0.16.0-py3-none-any.whl", hash = "sha256:63cf8bbe7522de3bf65932fda1d9c2772064ffb3dae62d55932da54b31cb6c86" },
]

[[package]]
name = "httpcore"
version = "1.0.9"
source = { registry = "http://172.19.230.1:18899/simple/" }
dependencies = [
    { name = "certifi" },
    { name = "h11" },
]
wheels = [
    { url = "http://172.19.230.1:18899/packages/httpcore-1.0.9-py3-none-any.whl", hash = "sha256:2d400746a40668fc9dec9810239072b40b4484b640a8c38fd654a024c7a1bf55" },
]

[[package]]
name = "httpx"
version = "0.28.1"
source = { registry = "http://172.19.230.1:18899/simple/" }
dependencies = [
    { name = "anyio" },
    { name = "certifi" },
    { name = "httpcore" },
    { name = "idna" },
]
wheels = [
    { url = "http://172.19.230.1:18899/packages/httpx-0.28.1-py3-none-any.whl", hash = "sha256:d909fcccc110f8c7faf814ca82a9a4d816bc5a6dbfea25d6591d6985b8ba59ad" },
]

[[package]]
name = "httpx-sse"
version = "0.4.1"
source = { registry = "http://172.19.230.1:18899/simple/" }
wheels = [
    { url = "http://172.19.230.1:18899/packages/httpx_sse-0.4.1-py3-none-any.whl", hash = "sha256:cba42174344c3a5b06f255ce65b350880f962d99ead85e776f23c6618a377a37" },
]

[[package]]
name = "idna"
version = "3.10"
source = { registry = "http://172.19.230.1:18899/simple/" }
wheels = [
    { url = "http://172.19.230.1:18899/packages/idna-3.10-py3-none-any.whl", hash = "sha256:946d195a0d259cbba61165e88e65941f16e9b36ea6ddb97f00452bae8b1287d3" },
]

[[package]]
name = "iniconfig"
version = "2.1.0"
source = { registry = "http://172.19.230.1:18899/simple/" }
wheels = [
    { url = "http://172.19.230.1:18899/packages/iniconfig-2.1.0-py3-none-any.whl", hash = "sha256:9deba5723312380e77435581c6bf4935c94cbfab9b1ed33ef8d238ea168eb760" },
]

[[package]]
name = "jinja2"
version = "3.1.6"
source = { registry = "http://172.19.230.1:18899/simple/" }
dependencies = [
    { name = "markupsafe" },
]
wheels = [
    { url = "http://172.19.230.1:18899/packages/jinja2-3.1.6-py3-none-any.whl", hash = "sha256:85ece4451f492d0c13c5dd7c13a64681a86afae63a5f347908daf103ce6d2f67" },
]

[[package]]
name = "jiter"
version = "0.10.0"
source = { registry = "http://172.19.230.1:18899/simple/" }
wheels = [
    { url = "http://172.19.230.1:18899/packages/jiter-0.10.0-cp313-cp313-manylinux_2_17_x86_64.manylinux2014_x86_64.whl", hash = "sha256:2e2227db6ba93cb3e2bf67c87e594adde0609f146344e8207e8730364db27041" },
    { url = "http://172.19.230.1:18899/packages/jiter-0.10.0-cp313-cp313-win_amd64.whl", hash = "sha256:75f9eb72ecb640619c29bf714e78c9c46c9c4eaafd644bf78577ede459f330d4" },
]

[[package]]
name = "jsonschema"
version = "4.25.1"
source = { registry = "http://172.19.230.1:18899/simple/" }
dependencies = [
    { name = "attrs" },
    { name = "jsonschema-specifications" },
    { name = "referencing" },
    { name = "rpds-py" },
]
wheels = [
    { url = "http://172.19.230.1:18899/packages/jsonschema-4.25.1-py3-none-any.whl", hash = "sha256:3fba0169e345c7175110351d456342c364814cfcf3b964ba4587f22915230a63" },
]

[[package]]
name = "jsonschema-specifications"
version = "2025.9.1"
source = { registry = "http://172.19.230.1:18899/simple/" }
dependencies = [
    { name = "referencing" },
]
wheels = [
    { url = "http://172.19.230.1:18899/packages/jsonschema_specifications-2025.9.1-py3-none-any.whl", hash = "sha256:98802fee3a11ee76ecaca44429fda8a41bff98b00a0f2838151b113f210cc6fe" },
]

[[package]]
name = "kiwisolver"
version = "1.4.9"
source = { registry = "http://172.19.230.1:18899/simple/" }
wheels = [
    { url = "http://172.19.230.1:18899/packages/kiwisolver-1.4.9-cp313-cp313-manylinux2014_x86_64.manylinux_2_17_x86_64.whl", hash = "sha256:b67e6efbf68e077dd71d1a6b37e43e1a99d0bff1a3d51867d45ee8908b931098" },
    { url = "http://172.19.230.1:18899/packages/kiwisolver-1.4.9-cp313-cp313-win_amd64.whl", hash = "sha256:dd0a578400839256df88c16abddf9ba14813ec5f21362e1fe65022e00c883d4d" },
]

[[package]]
name = "loguru"
version = "0.7.3"
source = { registry = "http://172.19.230.1:18899/simple/" }
dependencies = [
    { name = "colorama", marker = "sys_platform == 'win32'" },
    { name = "win32-setctime", marker = "sys_platform == 'win32'" },
]
wheels = [
    { url = "http://172.19.230.1:18899/packages/loguru-0.7.3-py3-none-any.whl", hash = "sha256:31a33c10c8e1e10422bfd431aeb5d351c7cf7fa671e3c4df004162264b28220c" },
]

[[package]]
name = "markdown-it-py"
version = "4.0.0"
source = { registry = "http://172.19.230.1:18899/simple/" }
dependencies = [
    { name = "mdurl" },
]
wheels = [
    { url = "http://172.19.230.1:18899/packages/markdown_it_py-4.0.0-py3-none-any.whl", hash = "sha256:87327c59b172c5011896038353a81343b6754500a08cd7a4973bb48c6d578147" },
]

[[package]]
name = "markupsafe"
version = "3.0.2"
source = { registry = "http://172.19.230.1:18899/simple/" }
wheels = [
    { url = "http://172.19.230.1:18899/packages/MarkupSafe-3.0.2-cp313-cp313-manylinux_2_17_x86_64.manylinux2014_x86_64.whl", hash = "sha256:15ab75ef81add55874e7ab7055e9c397312385bd9ced94920f2802310c930396" },
    { url = "http://172.19.230.1:18899/packages/MarkupSafe-3.0.2-cp313-cp313-win_amd64.whl", hash = "sha256:e6a2a455bd412959b57a172ce6328d2dd1f01cb2135efda2e4576e8a23fa3b0f" },
]

[[package]]
name = "matplotlib"
version = "3.10.6"
source = { registry = "http://172.19.230.1:18899/simple/" }
dependencies = [
    { name = "contourpy", version = "1.3.2", source = { registry = "http://172.19.230.1:18899/simple/" }, marker = "python_full_version < '3.11'" },
    { name = "contourpy", version = "1.3.3", source = { registry = "http://172.19.230.1:18899/simple/" }, marker = "python_full_version >= '3.11'" },
    { name = "cycler" },
    { name = "fonttools" },
    { name = "kiwisolver" },
    { name = "numpy", version = "2.2.6", source = { registry = "http://172.19.230.1:18899/simple/" }, marker = "python_full_version < '3.11'" },
    { name = "numpy", version = "2.3.2", source = { registry = "http://172.19.230.1:18899/simple/" }, marker = "python_full_version >= '3.11'" },
    { name = "packaging" },
    { name = "pillow" },
    { name = "pyparsing" },
    { name = "python-dateutil" },
]
wheels = [
    { url = "http://172.19.230.1:18899/packages/matplotlib-3.10.6-cp313-cp313-manylinux2014_x86_64.manylinux_2_17_x86_64.whl", hash = "sha256:84e82d9e0fd70c70bc55739defbd8055c54300750cbacf4740c9673a24d6933a" },
    { url = "http://172.19.230.1:18899/packages/matplotlib-3.10.6-cp313-cp313-win_amd64.whl", hash = "sha256:1b53bd6337eba483e2e7d29c5ab10eee644bc3a2491ec67cc55f7b44583ffb18" },
]

[[package]]
name = "mcp"
version = "1.13.1"
source = { registry = "http://172.19.230.1:18899/simple/" }
dependencies = [
    { name = "anyio" },
    { name = "httpx" },
    { name = "httpx-sse" },
    { name = "jsonschema" },
    { name = "pydantic" },
    { name = "pydantic-settings" },
    { name = "python-multipart" },
    { name = "pywin32", marker = "sys_platform == 'win32'" },
    { name = "sse-starlette" },
    { name = "starlette" },
    { name = "uvicorn", marker = "sys_platform != 'emscripten'" },
]
wheels = [
    { url = "http://172.19.230.1:18899/packages/mcp-1.13.1-py3-none-any.whl", hash = "sha256:c314e7c8bd477a23ba3ef472ee5a32880316c42d03e06dcfa31a1cc7a73b65df" },
]

[package.optional-dependencies]
cli = [
    { name = "python-dotenv" },
    { name = "typer" },
]

[[package]]
name = "mdurl"
version = "0.1.2"
source = { registry = "http://172.19.230.1:18899/simple/" }
wheels = [
    { url = "http://172.19.230.1:18899/packages/mdurl-0.1.2-py3-none-any.whl", hash = "sha256:84008a41e51615a49fc9966191ff91509e3c40b939176e643fd50a5c2196b8f8" },
]

[[package]]
name = "numpy"
version = "2.2.6"
source = { registry = "http://172.19.230.1:18899/simple/" }
resolution-markers = [
    "python_full_version < '3.11'",
]
wheels = [
    { url = "http://172.19.230.1:18899/packages/numpy-2.2.6-cp313-cp313-manylinux_2_17_x86_64.manylinux2014_x86_64.whl", hash = "sha256:1bc23a79bfabc5d056d106f9befb8d50c31ced2fbc70eedb8155aec74a45798f" },
]

[[package]]
name = "numpy"
version = "2.3.2"
source = { registry = "http://172.19.230.1:18899/simple/" }
resolution-markers = [
    "python_full_version >= '3.12'",
    "python_full_version == '3.11.*'",
]
wheels = [
    { url = "http://172.19.230.1:18899/packages/numpy-2.3.2-cp313-cp313-win_amd64.whl", hash = "sha256:c63d95dc9d67b676e9108fe0d2182987ccb0f11933c1e8959f42fa0da8d4fa56" },
]

[[package]]
name = "openai"
version = "1.107.0"
source = { registry = "http://172.19.230.1:18899/simple/" }
dependencies = [
    { name = "anyio" },
    { name = "distro" },
    { name = "httpx" },
    { name = "jiter" },
    { name = "pydantic" },
    { name = "sniffio" },
    { name = "tqdm" },
    { name = "typing-extensions" },
]
wheels = [
    { url = "http://172.19.230.1:18899/packages/openai-1.107.0-py3-none-any.whl", hash = "sha256:3dcfa3cbb116bd6924b27913b8da28c4a787379ff60049588547a1013e6d6438" },
]

[[package]]
name = "openpyxl"
version = "3.1.5"
source = { registry = "http://172.19.230.1:18899/simple/" }
dependencies = [
    { name = "et-xmlfile" },
]
wheels = [
    { url = "http://172.19.230.1:18899/packages/openpyxl-3.1.5-py2.py3-none-any.whl", hash = "sha256:5282c12b107bffeef825f4617dc029afaf41d0ea60823bbb665ef3079dc79de2" },
]

[[package]]
name = "packaging"
version = "25.0"
source = { registry = "http://172.19.230.1:18899/simple/" }
wheels = [
    { url = "http://172.19.230.1:18899/packages/packaging-25.0-py3-none-any.whl", hash = "sha256:29572ef2b1f17581046b3a2227d5c611fb25ec70ca1ba8554b24b0e69331a484" },
]

[[package]]
name = "pandas"
version = "2.3.2"
source = { registry = "http://172.19.230.1:18899/simple/" }
dependencies = [
    { name = "numpy", version = "2.2.6", source = { registry = "http://172.19.230.1:18899/simple/" }, marker = "python_full_version < '3.11'" },
    { name = "numpy", version = "2.3.2", source = { registry = "http://172.19.230.1:18899/simple/" }, marker = "python_full_version >= '3.11'" },
    { name = "python-dateutil" },
    { name = "pytz" },
    { name = "tzdata" },
]
wheels = [
    { url = "http://172.19.230.1:18899/packages/pandas-2.3.2-cp313-cp313-manylinux_2_17_x86_64.manylinux2014_x86_64.whl", hash = "sha256:4ac8c320bded4718b298281339c1a50fb00a6ba78cb2a63521c39bec95b0209b" },
    { url = "http://172.19.230.1:18899/packages/pandas-2.3.2-cp313-cp313-win_amd64.whl", hash = "sha256:12d039facec710f7ba305786837d0225a3444af7bbd9c15c32ca2d40d157ed8b" },
]

[[package]]
name = "pillow"
version = "10.4.0"
source = { registry = "http://172.19.230.1:18899/simple/" }
wheels = [
    { url = "http://172.19.230.1:18899/packages/pillow-10.4.0-cp313-cp313-manylinux_2_17_x86_64.manylinux2014_x86_64.whl", hash = "sha256:1ef61f5dd14c300786318482456481463b9d6b91ebe5ef12f405afbba77ed0be" },
    { url = "http://172.19.230.1:18899/packages/pillow-10.4.0-cp313-cp313-win_amd64.whl", hash = "sha256:030abdbe43ee02e0de642aee345efa443740aa4d828bfe8e2eb11922ea6a21ea" },
]

[[package]]
name = "pluggy"
version = "1.6.0"
source = { registry = "http://172.19.230.1:18899/simple/" }
wheels = [
    { url = "http://172.19.230.1:18899/packages/pluggy-1.6.0-py3-none-any.whl", hash = "sha256:e920276dd6813095e9377c0bc5566d94c932c33b27a3e3945d8389c374dd4746" },
]

[[package]]
name = "prompt-toolkit"
version = "3.0.52"
source = { registry = "http://172.19.230.1:18899/simple/" }
dependencies = [
    { name = "wcwidth" },
]
wheels = [
    { url = "http://172.19.230.1:18899/packages/prompt_toolkit-3.0.52-py3-none-any.whl", hash = "sha256:9aac639a3bbd33284347de5ad8d68ecc044b91a762dc39b7c21095fcd6a19955" },
]

[[package]]
name = "psutil"
version = "7.0.0"
source = { registry = "http://172.19.230.1:18899/simple/" }
wheels = [
    { url = "http://172.19.230.1:18899/packages/psutil-7.0.0-cp36-abi3-manylinux_2_12_x86_64.manylinux2010_x86_64.manylinux_2_17_x86_64.manylinux2014_x86_64.whl", hash = "sha256:4b1388a4f6875d7e2aff5c4ca1cc16c545ed41dd8bb596cefea80111db353a34" },
    { url = "http://172.19.230.1:18899/packages/psutil-7.0.0-cp37-abi3-win_amd64.whl", hash = "sha256:4cf3d4eb1aa9b348dec30105c55cd9b7d4629285735a102beb4441e38db90553" },
]

[[package]]
name = "pydantic"
version = "2.11.7"
source = { registry = "http://172.19.230.1:18899/simple/" }
dependencies = [
    { name = "annotated-types" },
    { name = "pydantic-core" },
    { name = "typing-extensions" },
    { name = "typing-inspection" },
]
wheels = [
    { url = "http://172.19.230.1:18899/packages/pydantic-2.11.7-py3-none-any.whl", hash = "sha256:dde5df002701f6de26248661f6835bbe296a47bf73990135c7d07ce741b9623b" },
]

[[package]]
name = "pydantic-core"
version = "2.33.2"
source = { registry = "http://172.19.230.1:18899/simple/" }
dependencies = [
    { name = "typing-extensions" },
]
wheels = [
    { url = "http://172.19.230.1:18899/packages/pydantic_core-2.33.2-cp313-cp313-manylinux_2_17_x86_64.manylinux2014_x86_64.whl", hash = "sha256:9fdac5d6ffa1b5a83bca06ffe7583f5576555e6c8b3a91fbd25ea7780f825f7d" },
    { url = "http://172.19.230.1:18899/packages/pydantic_core-2.33.2-cp313-cp313-win_amd64.whl", hash = "sha256:c083a3bdd5a93dfe480f1125926afcdbf2917ae714bdb80b36d34318b2bec5d9" },
]

[[package]]
name = "pydantic-settings"
version = "2.10.1"
source = { registry = "http://172.19.230.1:18899/simple/" }
dependencies = [
    { name = "pydantic" },
    { name = "python-dotenv" },
    { name = "typing-inspection" },
]
wheels = [
    { url = "http://172.19.230.1:18899/packages/pydantic_settings-2.10.1-py3-none-any.whl", hash = "sha256:a60952460b99cf661dc25c29c0ef171721f98bfcb52ef8d9ea4c943d7c8cc796" },
]

[[package]]
name = "pygments"
version = "2.19.2"
source = { registry = "http://172.19.230.1:18899/simple/" }
wheels = [
    { url = "http://172.19.230.1:18899/packages/pygments-2.19.2-py3-none-any.whl", hash = "sha256:86540386c03d588bb81d44bc3928634ff26449851e99741617ecb9037ee5ec0b" },
]

[[package]]
name = "pyparsing"
version = "3.2.3"
source = { registry = "http://172.19.230.1:18899/simple/" }
wheels = [
    { url = "http://172.19.230.1:18899/packages/pyparsing-3.2.3-py3-none-any.whl", hash = "sha256:a749938e02d6fd0b59b356ca504a24982314bb090c383e3cf201c95ef7e2bfcf" },
]

[[package]]
name = "pytest"
version = "8.4.2"
source = { registry = "http://172.19.230.1:18899/simple/" }
dependencies = [
    { name = "colorama", marker = "sys_platform == 'win32'" },
    { name = "exceptiongroup", marker = "python_full_version < '3.11'" },
    { name = "iniconfig" },
    { name = "packaging" },
    { name = "pluggy" },
    { name = "pygments" },
    { name = "tomli", marker = "python_full_version < '3.11'" },
]
wheels = [
    { url = "http://172.19.230.1:18899/packages/pytest-8.4.2-py3-none-any.whl", hash = "sha256:872f880de3fc3a5bdc88a11b39c9710c3497a547cfa9320bc3c5e62fbf272e79" },
]

[[package]]
name = "pytest-asyncio"
version = "1.1.0"
source = { registry = "http://172.19.230.1:18899/simple/" }
dependencies = [
    { name = "backports-asyncio-runner", marker = "python_full_version < '3.11'" },
    { name = "pytest" },
]
wheels = [
    { url = "http://172.19.230.1:18899/packages/pytest_asyncio-1.1.0-py3-none-any.whl", hash = "sha256:5fe2d69607b0bd75c656d1211f969cadba035030156745ee09e7d71740e58ecf" },
]

[[package]]
name = "pytest-cov"
version = "6.3.0"
source = { registry = "http://172.19.230.1:18899/simple/" }
dependencies = [
    { name = "coverage", extra = ["toml"] },
    { name = "pluggy" },
    { name = "pytest" },
]
wheels = [
    { url = "http://172.19.230.1:18899/packages/pytest_cov-6.3.0-py3-none-any.whl", hash = "sha256:440db28156d2468cafc0415b4f8e50856a0d11faefa38f30906048fe490f1749" },
]

[[package]]
name = "pytest-mock"
version = "3.15.0"
source = { registry = "http://172.19.230.1:18899/simple/" }
dependencies = [
    { name = "pytest" },
]
wheels = [
    { url = "http://172.19.230.1:18899/packages/pytest_mock-3.15.0-py3-none-any.whl", hash = "sha256:ef2219485fb1bd256b00e7ad7466ce26729b30eadfc7cbcdb4fa9a92ca68db6f" },
]

[[package]]
name = "pytest-timeout"
version = "2.4.0"
source = { registry = "http://172.19.230.1:18899/simple/" }
dependencies = [
    { name = "pytest" },
]
wheels = [
    { url = "http://172.19.230.1:18899/packages/pytest_timeout-2.4.0-py3-none-any.whl", hash = "sha256:c42667e5cdadb151aeb5b26d114aff6bdf5a907f176a007a30b940d3d865b5c2" },
]

[[package]]
name = "pytest-xdist"
version = "3.8.0"
source = { registry = "http://172.19.230.1:18899/simple/" }
dependencies = [
    { name = "execnet" },
    { name = "pytest" },
]
wheels = [
    { url = "http://172.19.230.1:18899/packages/pytest_xdist-3.8.0-py3-none-any.whl", hash = "sha256:202ca578cfeb7370784a8c33d6d05bc6e13b4f25b5053c30a152269fd10f0b88" },
]

[[package]]
name = "python-dateutil"
version = "2.9.0.post0"
source = { registry = "http://172.19.230.1:18899/simple/" }
dependencies = [
    { name = "six" },
]
wheels = [
    { url = "http://172.19.230.1:18899/packages/python_dateutil-2.9.0.post0-py2.py3-none-any.whl", hash = "sha256:a8b2bc7bffae282281c8140a97d3aa9c14da0b136dfe83f850eea9a5f7470427" },
]

[[package]]
name = "python-dotenv"
version = "1.1.1"
source = { registry = "http://172.19.230.1:18899/simple/" }
wheels = [
    { url = "http://172.19.230.1:18899/packages/python_dotenv-1.1.1-py3-none-any.whl", hash = "sha256:31f23644fe2602f88ff55e1f5c79ba497e01224ee7737937930c448e4d0e24dc" },
]

[[package]]
name = "python-multipart"
version = "0.0.20"
source = { registry = "http://172.19.230.1:18899/simple/" }
wheels = [
    { url = "http://172.19.230.1:18899/packages/python_multipart-0.0.20-py3-none-any.whl", hash = "sha256:8a62d3a8335e06589fe01f2a3e178cdcc632f3fbe0d492ad9ee0ec35aab1f104" },
]

[[package]]
name = "pytz"
version = "2025.2"
source = { registry = "http://172.19.230.1:18899/simple/" }
wheels = [
    { url = "http://172.19.230.1:18899/packages/pytz-2025.2-py2.py3-none-any.whl", hash = "sha256:5ddf76296dd8c44c26eb8f4b6f35488f3ccbf6fbbd7adee0b7262d43f0ec2f00" },
]

[[package]]
name = "pywin32"
version = "311"
source = { registry = "http://172.19.230.1:18899/simple/" }
wheels = [
    { url = "http://172.19.230.1:18899/packages/pywin32-311-cp313-cp313-win_amd64.whl", hash = "sha256:718a38f7e5b058e76aee1c56ddd06908116d35147e133427e59a3983f703a20d" },
]

[[package]]
name = "pyyaml"
version = "6.0.2"
source = { registry = "http://172.19.230.1:18899/simple/" }
wheels = [
    { url = "http://172.19.230.1:18899/packages/PyYAML-6.0.2-cp313-cp313-manylinux_2_17_x86_64.manylinux2014_x86_64.whl", hash = "sha256:70b189594dbe54f75ab3a1acec5f1e3faa7e8cf2f1e08d9b561cb41b845f69d5" },
    { url = "http://172.19.230.1:18899/packages/PyYAML-6.0.2-cp313-cp313-win_amd64.whl", hash = "sha256:8388ee1976c416731879ac16da0aff3f63b286ffdd57cdeb95f3f2e085687563" },
]

[[package]]
name = "qrcode"
version = "8.2"
source = { registry = "http://172.19.230.1:18899/simple/" }
dependencies = [
    { name = "colorama", marker = "sys_platform == 'win32'" },
]
wheels = [
    { url = "http://172.19.230.1:18899/packages/qrcode-8.2-py3-none-any.whl", hash = "sha256:16e64e0716c14960108e85d853062c9e8bba5ca8252c0b4d0231b9df4060ff4f" },
]

[[package]]
name = "questionary"
version = "2.1.1"
source = { registry = "http://172.19.230.1:18899/simple/" }
dependencies = [
    { name = "prompt-toolkit" },
]
wheels = [
    { url = "http://172.19.230.1:18899/packages/questionary-2.1.1-py3-none-any.whl", hash = "sha256:a51af13f345f1cdea62347589fbb6df3b290306ab8930713bfae4d475a7d4a59" },
]

[[package]]
name = "referencing"
version = "0.36.2"
source = { registry = "http://172.19.230.1:18899/simple/" }
dependencies = [
    { name = "attrs" },
    { name = "rpds-py" },
    { name = "typing-extensions", marker = "python_full_version < '3.13'" },
]
wheels = [
    { url = "http://172.19.230.1:18899/packages/referencing-0.36.2-py3-none-any.whl", hash = "sha256:e8699adbbf8b5c7de96d8ffa0eb5c158b3beafce084968e2ea8bb08c6794dcd0" },
]

[[package]]
name = "requests"
version = "2.32.5"
source = { registry = "http://172.19.230.1:18899/simple/" }
dependencies = [
    { name = "certifi" },
    { name = "charset-normalizer" },
    { name = "idna" },
    { name = "urllib3" },
]
wheels = [
    { url = "http://172.19.230.1:18899/packages/requests-2.32.5-py3-none-any.whl", hash = "sha256:2462f94637a34fd532264295e186976db0f5d453d1cdd31473c85a6a161affb6" },
]

[[package]]
name = "rich"
version = "14.1.0"
source = { registry = "http://172.19.230.1:18899/simple/" }
dependencies = [
    { name = "markdown-it-py" },
    { name = "pygments" },
]
wheels = [
    { url = "http://172.19.230.1:18899/packages/rich-14.1.0-py3-none-any.whl", hash = "sha256:536f5f1785986d6dbdea3c75205c473f970777b4a0d6c6dd1b696aa05a3fa04f" },
]

[[package]]
name = "rpds-py"
version = "0.27.1"
source = { registry = "http://172.19.230.1:18899/simple/" }
wheels = [
    { url = "http://172.19.230.1:18899/packages/rpds_py-0.27.1-cp313-cp313-manylinux_2_17_x86_64.manylinux2014_x86_64.whl", hash = "sha256:2efe4eb1d01b7f5f1939f4ef30ecea6c6b3521eec451fb93191bf84b2a522418" },
    { url = "http://172.19.230.1:18899/packages/rpds_py-0.27.1-cp313-cp313-win_amd64.whl", hash = "sha256:f9025faafc62ed0b75a53e541895ca272815bec18abe2249ff6501c8f2e12b83" },
]

[[package]]
name = "ruff"
version = "0.12.12"
source = { registry = "http://172.19.230.1:18899/simple/" }
wheels = [
    { url = "http://172.19.230.1:18899/packages/ruff-0.12.12-py3-none-manylinux_2_17_x86_64.manylinux2014_x86_64.whl", hash = "sha256:2afc2fa864197634e549d87fb1e7b6feb01df0a80fd510d6489e1ce8c0b1cc45" },
]

[[package]]
name = "seaborn"
version = "0.13.2"
source = { registry = "http://172.19.230.1:18899/simple/" }
dependencies = [
    { name = "matplotlib" },
    { name = "numpy", version = "2.2.6", source = { registry = "http://172.19.230.1:18899/simple/" }, marker = "python_full_version < '3.11'" },
    { name = "numpy", version = "2.3.2", source = { registry = "http://172.19.230.1:18899/simple/" }, marker = "python_full_version >= '3.11'" },
    { name = "pandas" },
]
wheels = [
    { url = "http://172.19.230.1:18899/packages/seaborn-0.13.2-py3-none-any.whl", hash = "sha256:636f8336facf092165e27924f223d3c62ca560b1f2bb5dff7ab7fad265361987" },
]

[[package]]
name = "shellingham"
version = "1.5.4"
source = { registry = "http://172.19.230.1:18899/simple/" }
wheels = [
    { url = "http://172.19.230.1:18899/packages/shellingham-1.5.4-py2.py3-none-any.whl", hash = "sha256:7ecfff8f2fd72616f7481040475a65b2bf8af90a56c89140852d1120324e8686" },
]

[[package]]
name = "six"
version = "1.17.0"
source = { registry = "http://172.19.230.1:18899/simple/" }
wheels = [
    { url = "http://172.19.230.1:18899/packages/six-1.17.0-py2.py3-none-any.whl", hash = "sha256:4721f391ed90541fddacab5acf947aa0d3dc7d27b2e1e8eda2be8970586c3274" },
]

[[package]]
name = "sniffio"
version = "1.3.1"
source = { registry = "http://172.19.230.1:18899/simple/" }
wheels = [
    { url = "http://172.19.230.1:18899/packages/sniffio-1.3.1-py3-none-any.whl", hash = "sha256:2f6da418d1f1e0fddd844478f41680e794e6051915791a034ff65e5f100525a2" },
]

[[package]]
name = "soupsieve"
version = "2.8"
source = { registry = "http://172.19.230.1:18899/simple/" }
wheels = [
    { url = "http://172.19.230.1:18899/packages/soupsieve-2.8-py3-none-any.whl", hash = "sha256:0cc76456a30e20f5d7f2e14a98a4ae2ee4e5abdc7c5ea0aafe795f344bc7984c" },
]

[[package]]
name = "sse-starlette"
version = "3.0.2"
source = { registry = "http://172.19.230.1:18899/simple/" }
dependencies = [
    { name = "anyio" },
]
wheels = [
    { url = "http://172.19.230.1:18899/packages/sse_starlette-3.0.2-py3-none-any.whl", hash = "sha256:16b7cbfddbcd4eaca11f7b586f3b8a080f1afe952c15813455b162edea619e5a" },
]

[[package]]
name = "starlette"
version = "0.47.3"
source = { registry = "http://172.19.230.1:18899/simple/" }
dependencies = [
    { name = "anyio" },
    { name = "typing-extensions", marker = "python_full_version < '3.13'" },
]
wheels = [
    { url = "http://172.19.230.1:18899/packages/starlette-0.47.3-py3-none-any.whl", hash = "sha256:89c0778ca62a76b826101e7c709e70680a1699ca7da6b44d38eb0a7e61fe4b51" },
]

[[package]]
name = "term-image"
version = "0.7.2"
source = { registry = "http://172.19.230.1:18899/simple/" }
dependencies = [
    { name = "pillow" },
    { name = "requests" },
]
wheels = [
    { url = "http://172.19.230.1:18899/packages/term_image-0.7.2-py3-none-any.whl", hash = "sha256:97d9dba5afcf3989a23b1868adc5b2de3126d1ef915df2a7859f67fbdd613e15" },
]

[[package]]
name = "tomli"
version = "2.2.1"
source = { registry = "http://172.19.230.1:18899/simple/" }
wheels = [
    { url = "http://172.19.230.1:18899/packages/tomli-2.2.1-cp313-cp313-manylinux_2_17_x86_64.manylinux2014_x86_64.whl", hash = "sha256:9316dc65bed1684c9a98ee68759ceaed29d229e985297003e494aa825ebb0281" },
]

[[package]]
name = "tomli-w"
version = "1.2.0"
source = { registry = "http://172.19.230.1:18899/simple/" }
wheels = [
    { url = "http://172.19.230.1:18899/packages/tomli_w-1.2.0-py3-none-any.whl", hash = "sha256:188306098d013b691fcadc011abd66727d3c414c571bb01b1a174ba8c983cf90" },
]

[[package]]
name = "tqdm"
version = "4.67.1"
source = { registry = "http://172.19.230.1:18899/simple/" }
dependencies = [
    { name = "colorama", marker = "sys_platform == 'win32'" },
]
wheels = [
    { url = "http://172.19.230.1:18899/packages/tqdm-4.67.1-py3-none-any.whl", hash = "sha256:26445eca388f82e72884e0d580d5464cd801a3ea01e63e5601bdff9ba6a48de2" },
]

[[package]]
name = "typer"
version = "0.17.4"
source = { registry = "http://172.19.230.1:18899/simple/" }
dependencies = [
    { name = "click" },
    { name = "rich" },
    { name = "shellingham" },
    { name = "typing-extensions" },
]
wheels = [
    { url = "http://172.19.230.1:18899/packages/typer-0.17.4-py3-none-any.whl", hash = "sha256:015534a6edaa450e7007eba705d5c18c3349dcea50a6ad79a5ed530967575824" },
]

[[package]]
name = "typing-extensions"
version = "4.15.0"
source = { registry = "http://172.19.230.1:18899/simple/" }
wheels = [
    { url = "http://172.19.230.1:18899/packages/typing_extensions-4.15.0-py3-none-any.whl", hash = "sha256:f0fa19c6845758ab08074a0cfa8b7aecb71c999ca73d62883bc25cc018c4e548" },
]

[[package]]
name = "typing-inspection"
version = "0.4.1"
source = { registry = "http://172.19.230.1:18899/simple/" }
dependencies = [
    { name = "typing-extensions" },
]
wheels = [
    { url = "http://172.19.230.1:18899/packages/typing_inspection-0.4.1-py3-none-any.whl", hash = "sha256:389055682238f53b04f7badcb49b989835495a96700ced5dab2d8feae4b26f51" },
]

[[package]]
name = "tzdata"
version = "2025.2"
source = { registry = "http://172.19.230.1:18899/simple/" }
wheels = [
    { url = "http://172.19.230.1:18899/packages/tzdata-2025.2-py2.py3-none-any.whl", hash = "sha256:1a403fada01ff9221ca8044d701868fa132215d84beb92242d9acd2147f667a8" },
]

[[package]]
name = "urllib3"
version = "2.5.0"
source = { registry = "http://172.19.230.1:18899/simple/" }
wheels = [
    { url = "http://172.19.230.1:18899/packages/urllib3-2.5.0-py3-none-any.whl", hash = "sha256:e6b01673c0fa6a13e374b50871808eb3bf7046c4b125b216f6bf1cc604cff0dc" },
]

[[package]]
name = "uvicorn"
version = "0.35.0"
source = { registry = "http://172.19.230.1:18899/simple/" }
dependencies = [
    { name = "click" },
    { name = "h11" },
    { name = "typing-extensions", marker = "python_full_version < '3.11'" },
]
wheels = [
    { url = "http://172.19.230.1:18899/packages/uvicorn-0.35.0-py3-none-any.whl", hash = "sha256:197535216b25ff9b785e29a0b79199f55222193d47f820816e7da751e9bc8d4a" },
]

[[package]]
name = "wcwidth"
version = "0.2.13"
source = { registry = "http://172.19.230.1:18899/simple/" }
wheels = [
    { url = "http://172.19.230.1:18899/packages/wcwidth-0.2.13-py2.py3-none-any.whl", hash = "sha256:3da69048e4540d84af32131829ff948f1e022c1c6bdb8d6102117aac784f6859" },
]

[[package]]
name = "win32-setctime"
version = "1.2.0"
source = { registry = "http://172.19.230.1:18899/simple/" }
wheels = [
    { url = "http://172.19.230.1:18899/packages/win32_setctime-1.2.0-py3-none-any.whl", hash = "sha256:95d644c4e708aba81dc3704a116d8cbc974d70b3bdb8be1d150e36be6e9d1390" },
]
